
Microsoft Visual Studio Solution File, Format Version 12.00
# Visual Studio Version 16
VisualStudioVersion = 16.0.31613.86
MinimumVisualStudioVersion = 10.0.40219.1
Project("{FAE04EC0-301F-11D3-BF4B-00C04F79EFBC}") = "API_Locadora_De_Filmes", "API_Locadora_De_Filmes\API_Locadora_De_Filmes.csproj", "{A5AF1273-E6B8-404D-8055-08BCCE7B52EF}"
EndProject
Global
	GlobalSection(SolutionConfigurationPlatforms) = preSolution
		Debug|Any CPU = Debug|Any CPU
		Release|Any CPU = Release|Any CPU
	EndGlobalSection
	GlobalSection(ProjectConfigurationPlatforms) = postSolution
		{A5AF1273-E6B8-404D-8055-08BCCE7B52EF}.Debug|Any CPU.ActiveCfg = Debug|Any CPU
		{A5AF1273-E6B8-404D-8055-08BCCE7B52EF}.Debug|Any CPU.Build.0 = Debug|Any CPU
		{A5AF1273-E6B8-404D-8055-08BCCE7B52EF}.Release|Any CPU.ActiveCfg = Release|Any CPU
		{A5AF1273-E6B8-404D-8055-08BCCE7B52EF}.Release|Any CPU.Build.0 = Release|Any CPU
	EndGlobalSection
	GlobalSection(SolutionProperties) = preSolution
		HideSolutionNode = FALSE
	EndGlobalSection
	GlobalSection(ExtensibilityGlobals) = postSolution
		SolutionGuid = {09C6AF51-9DDF-440E-B859-B95A73A09595}
	EndGlobalSection
EndGlobal
